
Microsoft Visual Studio Solution File, Format Version 11.00
# Visual Studio 2010
Project("{FAE04EC0-301F-11D3-BF4B-00C04F79EFBC}") = "Bounce", "Bounce\Bounce\Bounce.csproj", "{9A23778E-F8C9-4DB9-9900-709C4C6D92FA}"
EndProject
Project("{FAE04EC0-301F-11D3-BF4B-00C04F79EFBC}") = "BounceContent", "Bounce\BounceContent\BounceContent.contentproj", "{C3B31249-49CF-478E-BF55-DFB846B03439}"
EndProject
Project("{FAE04EC0-301F-11D3-BF4B-00C04F79EFBC}") = "Farseer Physics XNA", "..\..\..\Farseer Physics Engine 3.3.1 Samples XNA\Farseer Physics Engine 3.3 XNA\Farseer Physics XNA.csproj", "{0A850700-1ABB-4288-A391-6726B90EBEB9}"
EndProject
Global
	GlobalSection(SolutionConfigurationPlatforms) = preSolution
		Debug|x86 = Debug|x86
		Release|x86 = Release|x86
	EndGlobalSection
	GlobalSection(ProjectConfigurationPlatforms) = postSolution
		{9A23778E-F8C9-4DB9-9900-709C4C6D92FA}.Debug|x86.ActiveCfg = Debug|x86
		{9A23778E-F8C9-4DB9-9900-709C4C6D92FA}.Debug|x86.Build.0 = Debug|x86
		{9A23778E-F8C9-4DB9-9900-709C4C6D92FA}.Release|x86.ActiveCfg = Release|x86
		{9A23778E-F8C9-4DB9-9900-709C4C6D92FA}.Release|x86.Build.0 = Release|x86
		{C3B31249-49CF-478E-BF55-DFB846B03439}.Debug|x86.ActiveCfg = Debug|x86
		{C3B31249-49CF-478E-BF55-DFB846B03439}.Release|x86.ActiveCfg = Release|x86
		{0A850700-1ABB-4288-A391-6726B90EBEB9}.Debug|x86.ActiveCfg = Debug|x86
		{0A850700-1ABB-4288-A391-6726B90EBEB9}.Debug|x86.Build.0 = Debug|x86
		{0A850700-1ABB-4288-A391-6726B90EBEB9}.Release|x86.ActiveCfg = Release|x86
		{0A850700-1ABB-4288-A391-6726B90EBEB9}.Release|x86.Build.0 = Release|x86
	EndGlobalSection
	GlobalSection(SolutionProperties) = preSolution
		HideSolutionNode = FALSE
	EndGlobalSection
EndGlobal
